
Microsoft Visual Studio Solution File, Format Version 12.00
# Visual Studio 15
VisualStudioVersion = 15.0.27130.2036
MinimumVisualStudioVersion = 10.0.40219.1
Project("{9A19103F-16F7-4668-BE54-9A1E7A4F7556}") = "bootcamp", "bootcamp.csproj", "{FD44E541-C9DB-41B1-BC2C-F7E8CC901744}"
EndProject
Global
	GlobalSection(SolutionConfigurationPlatforms) = preSolution
		Debug|Any CPU = Debug|Any CPU
		Release|Any CPU = Release|Any CPU
	EndGlobalSection
	GlobalSection(ProjectConfigurationPlatforms) = postSolution
		{FD44E541-C9DB-41B1-BC2C-F7E8CC901744}.Debug|Any CPU.ActiveCfg = Debug|Any CPU
		{FD44E541-C9DB-41B1-BC2C-F7E8CC901744}.Debug|Any CPU.Build.0 = Debug|Any CPU
		{FD44E541-C9DB-41B1-BC2C-F7E8CC901744}.Release|Any CPU.ActiveCfg = Release|Any CPU
		{FD44E541-C9DB-41B1-BC2C-F7E8CC901744}.Release|Any CPU.Build.0 = Release|Any CPU
	EndGlobalSection
	GlobalSection(SolutionProperties) = preSolution
		HideSolutionNode = FALSE
	EndGlobalSection
	GlobalSection(ExtensibilityGlobals) = postSolution
		SolutionGuid = {6F94CC2D-05B5-409B-BC86-A1CEA57490D6}
	EndGlobalSection
EndGlobal
